
Microsoft Visual Studio Solution File, Format Version 12.00
# Visual Studio Version 17
VisualStudioVersion = 17.11.35303.130
MinimumVisualStudioVersion = 10.0.40219.1
Project("{2150E333-8FDC-42A3-9474-1A3956D46DE8}") = "Task0", "Task0", "{19E21B78-8163-40E3-8CC5-D1FB32ED9C9A}"
EndProject
Project("{9A19103F-16F7-4668-BE54-9A1E7A4F7556}") = "Tyuiu.FrankoVA.Sprint0.Task0.V0", "Tyuiu.FrankoVA.Sprint0.Task0.V0\Tyuiu.FrankoVA.Sprint0.Task0.V0.csproj", "{8E60D95F-0694-4E8D-B7E6-243A27005F4D}"
EndProject
Project("{2150E333-8FDC-42A3-9474-1A3956D46DE8}") = "Task1", "Task1", "{486ACD69-0BBB-43EA-8160-133DCD0A9B73}"
EndProject
Project("{9A19103F-16F7-4668-BE54-9A1E7A4F7556}") = "Tyuiu.FrankoVA.Sprint0.Task1.V0", "Tyuiu.FrankoVA.Sprint0.Task1.V0\Tyuiu.FrankoVA.Sprint0.Task1.V0.csproj", "{269F7A9D-8556-48BA-9909-704BBB80D621}"
EndProject
Project("{2150E333-8FDC-42A3-9474-1A3956D46DE8}") = "Task2", "Task2", "{96563BE7-8411-4943-B908-BA98346E94BB}"
EndProject
Project("{9A19103F-16F7-4668-BE54-9A1E7A4F7556}") = "Tyuiu.FrankoVA.Sprint0.Task2.V0", "Tyuiu.FrankoVA.Sprint0.Task2.V0\Tyuiu.FrankoVA.Sprint0.Task2.V0.csproj", "{04B91259-D88F-44B6-8F01-E74D0B78001C}"
EndProject
Project("{FAE04EC0-301F-11D3-BF4B-00C04F79EFBC}") = "Tyuiu.FrankoVA.Sprint0.Task2.V0.Test", "Tyuiu.FrankoVA.Sprint0.Task2.V0.Test\Tyuiu.FrankoVA.Sprint0.Task2.V0.Test.csproj", "{3B5D315E-238A-4FEB-AA2D-F981350403A6}"
EndProject
Project("{FAE04EC0-301F-11D3-BF4B-00C04F79EFBC}") = "Tyuiu.FrankoVA.Sprint0.Task2.V0.Lib", "Tyuiu.FrankoVA.Sprint0.Task2.V0.Lib\Tyuiu.FrankoVA.Sprint0.Task2.V0.Lib.csproj", "{B91197B9-C59D-4EEB-A6EA-4214D47BCD74}"
EndProject
Project("{2150E333-8FDC-42A3-9474-1A3956D46DE8}") = "Task3", "Task3", "{9D2EAA9F-3D18-40BA-920D-88B0BCD4BD25}"
EndProject
Project("{FAE04EC0-301F-11D3-BF4B-00C04F79EFBC}") = "Tyuiu.FrankoVA.Sprint0.Task3.V0", "Tyuiu.FrankoVA.Sprint0.Task3.V0\Tyuiu.FrankoVA.Sprint0.Task3.V0.csproj", "{4DBC947E-291D-4547-AFC2-7216CA7A759A}"
EndProject
Project("{FAE04EC0-301F-11D3-BF4B-00C04F79EFBC}") = "Tyuiu.FrankoVA.Sprint0.Task3.V0.Lib", "Tyuiu.FrankoVA.Sprint0.Task3.V0.Lib\Tyuiu.FrankoVA.Sprint0.Task3.V0.Lib.csproj", "{019D2DA5-3AF8-4ABA-84C8-3FA980D61062}"
EndProject
Project("{FAE04EC0-301F-11D3-BF4B-00C04F79EFBC}") = "Tyuiu.FrankoVA.Sprint0.Task3.V0.Test", "Tyuiu.FrankoVA.Sprint0.Task3.V0.Test\Tyuiu.FrankoVA.Sprint0.Task3.V0.Test.csproj", "{3DAF2902-3A2B-4AB4-B401-7972CE5B2C52}"
EndProject
Project("{2150E333-8FDC-42A3-9474-1A3956D46DE8}") = "Task4", "Task4", "{349D0C9F-3161-443C-AB99-48632F24B6F0}"
EndProject
Project("{FAE04EC0-301F-11D3-BF4B-00C04F79EFBC}") = "Tyuiu.FrankoVA.Sprint0.Task4.V0.", "Tyuiu.FrankoVA.Sprint0.Task4.V0\Tyuiu.FrankoVA.Sprint0.Task4.V0..csproj", "{F9601486-E7F2-4D8B-9C89-B921BF23EB2F}"
EndProject
Project("{FAE04EC0-301F-11D3-BF4B-00C04F79EFBC}") = "Tyuiu.FrankoVA.Sprint0.Task4.V0.Test", "Tyuiu.FrankoVA.Sprint0.Task4.V0.Test\Tyuiu.FrankoVA.Sprint0.Task4.V0.Test.csproj", "{B61CC5D5-7038-48F0-8AE1-20D6B203A55F}"
EndProject
Project("{FAE04EC0-301F-11D3-BF4B-00C04F79EFBC}") = "Tyuiu.FrankoVA.Sprint0.Task4.V0.Lib", "Tyuiu.FrankoVA.Sprint0.Task4.V0.Lib\Tyuiu.FrankoVA.Sprint0.Task4.V0.Lib.csproj", "{D0F2ADFC-9D79-4DEC-A061-B80DA5962D20}"
EndProject
Global
	GlobalSection(SolutionConfigurationPlatforms) = preSolution
		Debug|Any CPU = Debug|Any CPU
		Release|Any CPU = Release|Any CPU
	EndGlobalSection
	GlobalSection(ProjectConfigurationPlatforms) = postSolution
		{8E60D95F-0694-4E8D-B7E6-243A27005F4D}.Debug|Any CPU.ActiveCfg = Debug|Any CPU
		{8E60D95F-0694-4E8D-B7E6-243A27005F4D}.Debug|Any CPU.Build.0 = Debug|Any CPU
		{8E60D95F-0694-4E8D-B7E6-243A27005F4D}.Release|Any CPU.ActiveCfg = Release|Any CPU
		{8E60D95F-0694-4E8D-B7E6-243A27005F4D}.Release|Any CPU.Build.0 = Release|Any CPU
		{269F7A9D-8556-48BA-9909-704BBB80D621}.Debug|Any CPU.ActiveCfg = Debug|Any CPU
		{269F7A9D-8556-48BA-9909-704BBB80D621}.Debug|Any CPU.Build.0 = Debug|Any CPU
		{269F7A9D-8556-48BA-9909-704BBB80D621}.Release|Any CPU.ActiveCfg = Release|Any CPU
		{269F7A9D-8556-48BA-9909-704BBB80D621}.Release|Any CPU.Build.0 = Release|Any CPU
		{04B91259-D88F-44B6-8F01-E74D0B78001C}.Debug|Any CPU.ActiveCfg = Debug|Any CPU
		{04B91259-D88F-44B6-8F01-E74D0B78001C}.Debug|Any CPU.Build.0 = Debug|Any CPU
		{04B91259-D88F-44B6-8F01-E74D0B78001C}.Release|Any CPU.ActiveCfg = Release|Any CPU
		{04B91259-D88F-44B6-8F01-E74D0B78001C}.Release|Any CPU.Build.0 = Release|Any CPU
		{3B5D315E-238A-4FEB-AA2D-F981350403A6}.Debug|Any CPU.ActiveCfg = Debug|Any CPU
		{3B5D315E-238A-4FEB-AA2D-F981350403A6}.Debug|Any CPU.Build.0 = Debug|Any CPU
		{3B5D315E-238A-4FEB-AA2D-F981350403A6}.Release|Any CPU.ActiveCfg = Release|Any CPU
		{3B5D315E-238A-4FEB-AA2D-F981350403A6}.Release|Any CPU.Build.0 = Release|Any CPU
		{B91197B9-C59D-4EEB-A6EA-4214D47BCD74}.Debug|Any CPU.ActiveCfg = Debug|Any CPU
		{B91197B9-C59D-4EEB-A6EA-4214D47BCD74}.Debug|Any CPU.Build.0 = Debug|Any CPU
		{B91197B9-C59D-4EEB-A6EA-4214D47BCD74}.Release|Any CPU.ActiveCfg = Release|Any CPU
		{B91197B9-C59D-4EEB-A6EA-4214D47BCD74}.Release|Any CPU.Build.0 = Release|Any CPU
		{4DBC947E-291D-4547-AFC2-7216CA7A759A}.Debug|Any CPU.ActiveCfg = Debug|Any CPU
		{4DBC947E-291D-4547-AFC2-7216CA7A759A}.Debug|Any CPU.Build.0 = Debug|Any CPU
		{4DBC947E-291D-4547-AFC2-7216CA7A759A}.Release|Any CPU.ActiveCfg = Release|Any CPU
		{4DBC947E-291D-4547-AFC2-7216CA7A759A}.Release|Any CPU.Build.0 = Release|Any CPU
		{019D2DA5-3AF8-4ABA-84C8-3FA980D61062}.Debug|Any CPU.ActiveCfg = Debug|Any CPU
		{019D2DA5-3AF8-4ABA-84C8-3FA980D61062}.Debug|Any CPU.Build.0 = Debug|Any CPU
		{019D2DA5-3AF8-4ABA-84C8-3FA980D61062}.Release|Any CPU.ActiveCfg = Release|Any CPU
		{019D2DA5-3AF8-4ABA-84C8-3FA980D61062}.Release|Any CPU.Build.0 = Release|Any CPU
		{3DAF2902-3A2B-4AB4-B401-7972CE5B2C52}.Debug|Any CPU.ActiveCfg = Debug|Any CPU
		{3DAF2902-3A2B-4AB4-B401-7972CE5B2C52}.Debug|Any CPU.Build.0 = Debug|Any CPU
		{3DAF2902-3A2B-4AB4-B401-7972CE5B2C52}.Release|Any CPU.ActiveCfg = Release|Any CPU
		{3DAF2902-3A2B-4AB4-B401-7972CE5B2C52}.Release|Any CPU.Build.0 = Release|Any CPU
		{F9601486-E7F2-4D8B-9C89-B921BF23EB2F}.Debug|Any CPU.ActiveCfg = Debug|Any CPU
		{F9601486-E7F2-4D8B-9C89-B921BF23EB2F}.Debug|Any CPU.Build.0 = Debug|Any CPU
		{F9601486-E7F2-4D8B-9C89-B921BF23EB2F}.Release|Any CPU.ActiveCfg = Release|Any CPU
		{F9601486-E7F2-4D8B-9C89-B921BF23EB2F}.Release|Any CPU.Build.0 = Release|Any CPU
		{B61CC5D5-7038-48F0-8AE1-20D6B203A55F}.Debug|Any CPU.ActiveCfg = Debug|Any CPU
		{B61CC5D5-7038-48F0-8AE1-20D6B203A55F}.Debug|Any CPU.Build.0 = Debug|Any CPU
		{B61CC5D5-7038-48F0-8AE1-20D6B203A55F}.Release|Any CPU.ActiveCfg = Release|Any CPU
		{B61CC5D5-7038-48F0-8AE1-20D6B203A55F}.Release|Any CPU.Build.0 = Release|Any CPU
		{D0F2ADFC-9D79-4DEC-A061-B80DA5962D20}.Debug|Any CPU.ActiveCfg = Debug|Any CPU
		{D0F2ADFC-9D79-4DEC-A061-B80DA5962D20}.Debug|Any CPU.Build.0 = Debug|Any CPU
		{D0F2ADFC-9D79-4DEC-A061-B80DA5962D20}.Release|Any CPU.ActiveCfg = Release|Any CPU
		{D0F2ADFC-9D79-4DEC-A061-B80DA5962D20}.Release|Any CPU.Build.0 = Release|Any CPU
	EndGlobalSection
	GlobalSection(SolutionProperties) = preSolution
		HideSolutionNode = FALSE
	EndGlobalSection
	GlobalSection(NestedProjects) = preSolution
		{8E60D95F-0694-4E8D-B7E6-243A27005F4D} = {19E21B78-8163-40E3-8CC5-D1FB32ED9C9A}
		{269F7A9D-8556-48BA-9909-704BBB80D621} = {486ACD69-0BBB-43EA-8160-133DCD0A9B73}
		{04B91259-D88F-44B6-8F01-E74D0B78001C} = {96563BE7-8411-4943-B908-BA98346E94BB}
		{3B5D315E-238A-4FEB-AA2D-F981350403A6} = {96563BE7-8411-4943-B908-BA98346E94BB}
		{B91197B9-C59D-4EEB-A6EA-4214D47BCD74} = {96563BE7-8411-4943-B908-BA98346E94BB}
		{4DBC947E-291D-4547-AFC2-7216CA7A759A} = {9D2EAA9F-3D18-40BA-920D-88B0BCD4BD25}
		{019D2DA5-3AF8-4ABA-84C8-3FA980D61062} = {9D2EAA9F-3D18-40BA-920D-88B0BCD4BD25}
		{3DAF2902-3A2B-4AB4-B401-7972CE5B2C52} = {9D2EAA9F-3D18-40BA-920D-88B0BCD4BD25}
		{F9601486-E7F2-4D8B-9C89-B921BF23EB2F} = {349D0C9F-3161-443C-AB99-48632F24B6F0}
		{B61CC5D5-7038-48F0-8AE1-20D6B203A55F} = {349D0C9F-3161-443C-AB99-48632F24B6F0}
		{D0F2ADFC-9D79-4DEC-A061-B80DA5962D20} = {349D0C9F-3161-443C-AB99-48632F24B6F0}
	EndGlobalSection
	GlobalSection(ExtensibilityGlobals) = postSolution
		SolutionGuid = {7C0EACC7-176E-480C-9302-10C81665CA67}
	EndGlobalSection
EndGlobal
